
Microsoft Visual Studio Solution File, Format Version 12.00
# Visual Studio 15
VisualStudioVersion = 15.0.28010.2046
MinimumVisualStudioVersion = 10.0.40219.1
Project("{FAE04EC0-301F-11D3-BF4B-00C04F79EFBC}") = "ProjectManagement", "ProjectManagement\ProjectManagement.csproj", "{9E1DD460-5591-456A-B3A2-11588B120E89}"
EndProject
Global
	GlobalSection(SolutionConfigurationPlatforms) = preSolution
		Debug|Any CPU = Debug|Any CPU
		Release|Any CPU = Release|Any CPU
	EndGlobalSection
	GlobalSection(ProjectConfigurationPlatforms) = postSolution
		{9E1DD460-5591-456A-B3A2-11588B120E89}.Debug|Any CPU.ActiveCfg = Debug|Any CPU
		{9E1DD460-5591-456A-B3A2-11588B120E89}.Debug|Any CPU.Build.0 = Debug|Any CPU
		{9E1DD460-5591-456A-B3A2-11588B120E89}.Release|Any CPU.ActiveCfg = Release|Any CPU
		{9E1DD460-5591-456A-B3A2-11588B120E89}.Release|Any CPU.Build.0 = Release|Any CPU
	EndGlobalSection
	GlobalSection(SolutionProperties) = preSolution
		HideSolutionNode = FALSE
	EndGlobalSection
	GlobalSection(ExtensibilityGlobals) = postSolution
		SolutionGuid = {550159D1-8F31-4263-936A-944CD2BC61CF}
	EndGlobalSection
EndGlobal
